lockfileVersion: '9.0'

settings:
  autoInstallPeers: true
  excludeLinksFromLockfile: false

importers:

  .:
    dependencies:
      '@jswork/git-info':
        specifier: ^1.0.5
        version: 1.0.5
      '@jswork/http-schema':
        specifier: ^2.2.5
        version: 2.2.5
      '@jswork/next':
        specifier: ^1.2.2
        version: 1.2.2
      '@jswork/next-fetch':
        specifier: ^1.2.49
        version: 1.2.49
      '@jswork/read-pkg-json':
        specifier: ^1.0.3
        version: 1.0.3
      commander:
        specifier: ^11.1.0
        version: 11.1.0
      form-data:
        specifier: ^4.0.6
        version: 4.0.6
      typescript:
        specifier: ^5.0.0
        version: 5.4.5
    devDependencies:
      '@jswork/style-guide':
        specifier: ^1.0.3
        version: 1.0.3
      '@types/bun':
        specifier: latest
        version: 1.3.14
      '@types/node':
        specifier: ^20.12.11
        version: 20.12.11
      husky:
        specifier: ^9.0.6
        version: 9.0.11
      lint-staged:
        specifier: ^15.2.0
        version: 15.2.2
      prettier:
        specifier: ^3.2.4
        version: 3.2.5

packages:

  '@jswork/enhanced-fetch@1.0.29':
    resolution: {integrity: sha512-1CpGupwPze6hOPYoaAm+ges9ik72sRieWizfaze5w7OygQ0tuLPxx5AzihIlBycuDFYNgIUsFuDxEW15yp66zA==}

  '@jswork/fetch@1.0.13':
    resolution: {integrity: sha512-YMegvLYiRgMq5B+px6VMcPmwowDPwLxoY5kuBSHsoiwN96NS0mGJhb3iLAVKZXu4BUxHBKQ5fCFpuxujmWGLIQ==}

  '@jswork/git-info@1.0.5':
    resolution: {integrity: sha512-BJOKsh09cBAL9gLWouOsoIJjVHFeDizJJ9o1/sEckGWIdOJAOMeAntU/g9sHCkU+DjCyWimutXzROHpBjIspXQ==}

  '@jswork/http-data-parser@1.0.10':
    resolution: {integrity: sha512-HJMXt+zTNfhgBQAzTGiwI/1usVrowWUF7y+JJUMfYEVYhlwB9xtV8oibZl7aONIUupq1LYsNoBi9GOb7zZ2qOQ==}

  '@jswork/http-rest-config@2.0.21':
    resolution: {integrity: sha512-Jc5BAqy1TOoST44Lov75GR57cSOflo+lBUidUJjwyrTwixxeP+MF3jPcqlBf9vopv54dzRSMX+dxTS3oLP+Wqg==}

  '@jswork/http-schema@2.2.5':
    resolution: {integrity: sha512-I+dJRbngmgIxIaA3qsP8OouWXeL3VJDS2BxpMs7aQLOt9zeNci10EfxY3bEONOFBIQhvwK7FUgynmbvtZG8pxA==}

  '@jswork/next-abstract-request@1.1.7':
    resolution: {integrity: sha512-CePyLGPSGw+H89CWVGSbPBiy1AXYswb828gJb6/DDDC0ENQ+nabG/9jEKo8t/B0vPuD//g/XflgmKO736Tpnew==}

  '@jswork/next-apply-fetch-middleware@1.0.10':
    resolution: {integrity: sha512-LNz049MqeJxHxtNPDZKZDJRYqxJmTNdPCS0Y6Skx+62T3XqZ1qECcVPaHdKMCE/GM75ZhoeIAmeXOwLgIqC0Pw==}

  '@jswork/next-compose@1.1.3':
    resolution: {integrity: sha512-JHaRKKVKrbAvMTuPmuxeu8mzB+GEneNIDvijBmsd4h4VeHFy6NQlSZnE0y+Ba7Dutc5MatV0IlmWUwF1UmmYmg==}

  '@jswork/next-content-type@1.0.12':
    resolution: {integrity: sha512-JOyvdA2PpIsah/aPP0zKgqguni6kY60aZhySBbt/FSOciULOlV5eU0hgT0R/Ev92Sx2yGzsRFDIYfi1qalTDkA==}

  '@jswork/next-data-transform@1.0.21':
    resolution: {integrity: sha512-aYFBNHt8hOOOoYEhzwEbFFQ5RC4S3Prw7pJuANZYlcF8L0IH+VGexJdO1qMF9MWoZ8UN8WpRlvEMjVV/7nHgBw==}

  '@jswork/next-difference@1.0.2':
    resolution: {integrity: sha512-XtpsVnQXLBdSPCMA10FOap9zEdFNT7Fa0k/d+5l+EOdgSu6LPJSJ/h2X6H+KzNQHBMaMDet5N5QeEA7jzUkoMg==}

  '@jswork/next-fetch@1.2.49':
    resolution: {integrity: sha512-t3QILfwEf56pGEcseJ4a8eW/ggdNfuqdxbmrjFwInxkN5PS/DMLyVQOYh3MkFjtpSXPThxQQHuFlvmCr2J4u8Q==}

  '@jswork/next-filter-map@1.2.3':
    resolution: {integrity: sha512-0e7c1bhc9Juqm54uFUjexPt+uqYDvUFpXY84LmfdFumPcdQpOoa/MmebDHqWR9mMNxLhkJQFlOYOoR+1YQxP0A==}

  '@jswork/next-interceptor@1.1.2':
    resolution: {integrity: sha512-JG73HHuTOKvrRQyqRSVjbLCdJ7ifru0ifAcaQmr9wJVgPcTmv2Z+bHkOG0GZgwm/lUFubpVcD1NcgEsm0ANQiQ==}

  '@jswork/next-param@1.0.12':
    resolution: {integrity: sha512-VuGKCeFMEz9Jd4VKQU9OMMJ4+Dw29j46axHfkDe32Dhu7GJ0kdqW6g2yqjNcWl51hWckDi8bPihpKHitL/DI+A==}

  '@jswork/next-parse-request-args@1.0.9':
    resolution: {integrity: sha512-2+EyS+SMeIenQ+n5gp+8nBNwpxtHbiT8YI8+nlTauEpNFCj1s3UjHq+HCaYuhFN8yzgj4wZehSNyxkYca3xcog==}

  '@jswork/next-stub-singleton@1.0.7':
    resolution: {integrity: sha512-JJKbBb/6esNbi0XzJj5wWGJNZaav1m68gz01c7SfU/rCwIPajM+tSL4yHDsFldjsc4JcOkAesw1y8bzhqXqGCw==}

  '@jswork/next-tmpl@1.0.7':
    resolution: {integrity: sha512-PASVF+ak3RArfyJ9r7uDICLBYkko3MZwOkn9ORXU9malXdiUl/Eog2sELNIo+wPqWCn0sLpC2DoZTiTBmeQ7YA==}

  '@jswork/next@1.2.2':
    resolution: {integrity: sha512-O+es6RQWctxFoMKv47eDw02T7HOhiKzX5H07DGCk7m8Qlik+LZy3MINRPbulboajkKvMSz56X2NQd+Hv9q0bBw==}

  '@jswork/pipe@1.0.4':
    resolution: {integrity: sha512-dGpOBYI1/zjY+gxph4Cl7aja1ddBVnxHaw3Zq0jF+eQPXpafzmFuEvtZpZxEk28W6467dCTYNBBTUJpUec8Tug==}

  '@jswork/read-pkg-json@1.0.3':
    resolution: {integrity: sha512-RPFpPEHQhA9CuZZb7S+rO2HTl227Gbon2i5Nuc9Dq8fC5accLEIM2FPo5dTGYYhEbHsoYlDuQCaVQNDnKdvrVw==}

  '@jswork/style-guide@1.0.3':
    resolution: {integrity: sha512-4PJmRJiwa/qLC/00CV7vLTOuiktKTnG7oWYiRKLMlR2dasixB8HnZFEVgrdmh0VX7fsgcTovJScAHlzkZOw/eg==}

  '@types/bun@1.3.14':
    resolution: {integrity: sha512-h1hFqFVcvAvD9j9K7ZW7vd82aSA+rTdznZa+5bwvCwqSB1jmmfLcbIWhOLx1/+boy/xmjgCs/OMUL8hRJSmnPw==}

  '@types/node@20.12.11':
    resolution: {integrity: sha512-vDg9PZ/zi+Nqp6boSOT7plNuthRugEKixDv5sFTIpkE89MmNtEArAShI4mxuX2+UrLEe9pxC1vm2cjm9YlWbJw==}

  ansi-escapes@6.2.1:
    resolution: {integrity: sha512-4nJ3yixlEthEJ9Rk4vPcdBRkZvQZlYyu8j4/Mqz5sgIkddmEnH2Yj2ZrnP9S3tQOvSNRUIgVNF/1yPpRAGNRig==}
    engines: {node: '>=14.16'}

  ansi-regex@6.0.1:
    resolution: {integrity: sha512-n5M855fKb2SsfMIiFFoVrABHJC8QtHwVx+mHWP3QcEqBHYienj5dHSgjbxtC0WEZXYt4wcD6zrQElDPhFuZgfA==}
    engines: {node: '>=12'}

  ansi-styles@6.2.1:
    resolution: {integrity: sha512-bN798gFfQX+viw3R7yrGWRqnrN2oRkEkUjjl4JNn4E8GxxbjtG3FbrEIIY3l8/hrwUwIeCZvi4QuOTP4MErVug==}
    engines: {node: '>=12'}

  asynckit@0.4.0:
    resolution: {integrity: sha512-Oei9OH4tRh0YqU3GxhX79dM/mwVgvbZJaSNaRk+bshkj0S5cfHcgYakreBjrHwatXKbz+IoIdYLxrKim2MjW0Q==}

  braces@3.0.2:
    resolution: {integrity: sha512-b8um+L1RzM3WDSzvhm6gIz1yfTbBt6YTlcEKAvsmqCZZFw46z626lVj9j1yEPW33H5H+lBQpZMP1k8l+78Ha0A==}
    engines: {node: '>=8'}

  bun-types@1.3.14:
    resolution: {integrity: sha512-4N0ig0fEomHt5R0KCFWjovxow98rIoRwKolrYdCcknNwMekCXRnWEUvgu5soYV8QXtVsrUD8B95MBOZGPvr6KQ==}

  call-bind-apply-helpers@1.0.2:
    resolution: {integrity: sha512-Sp1ablJ0ivDkSzjcaJdxEunN5/XvksFJ2sMBFfq6x0ryhQV/2b/KwFe21cMpmHtPOSij8K99/wSfoEuTObmuMQ==}
    engines: {node: '>= 0.4'}

  chalk@5.3.0:
    resolution: {integrity: sha512-dLitG79d+GV1Nb/VYcCDFivJeK1hiukt9QjRNVOsUtTy1rR1YJsmpGGTZ3qJos+uw7WmWF4wUwBd9jxjocFC2w==}
    engines: {node: ^12.17.0 || ^14.13 || >=16.0.0}

  cli-cursor@4.0.0:
    resolution: {integrity: sha512-VGtlMu3x/4DOtIUwEkRezxUZ2lBacNJCHash0N0WeZDBS+7Ux1dm3XWAgWYxLJFMMdOeXMHXorshEFhbMSGelg==}
    engines: {node: ^12.20.0 || ^14.13.1 || >=16.0.0}

  cli-truncate@4.0.0:
    resolution: {integrity: sha512-nPdaFdQ0h/GEigbPClz11D0v/ZJEwxmeVZGeMo3Z5StPtUTkA9o1lD6QwoirYiSDzbcwn2XcjwmCp68W1IS4TA==}
    engines: {node: '>=18'}

  colorette@2.0.20:
    resolution: {integrity: sha512-IfEDxwoWIjkeXL1eXcDiow4UbKjhLdq6/EuSVR9GMN7KVH3r9gQ83e73hsz1Nd1T3ijd5xv1wcWRYO+D6kCI2w==}

  combined-stream@1.0.8:
    resolution: {integrity: sha512-FQN4MRfuJeHf7cBbBMJFXhKSDq+2kAArBlmRBvcvFE5BB1HZKXtSFASDhdlz9zOYwxh8lDdnvmMOe/+5cdoEdg==}
    engines: {node: '>= 0.8'}

  commander@11.1.0:
    resolution: {integrity: sha512-yPVavfyCcRhmorC7rWlkHn15b4wDVgVmBA7kV4QVBsF7kv/9TKJAbAXVTxvTnwP8HHKjRCJDClKbciiYS7p0DQ==}
    engines: {node: '>=16'}

  cross-spawn@7.0.3:
    resolution: {integrity: sha512-iRDPJKUPVEND7dHPO8rkbOnPpyDygcDFtWjpeWNCgy8WP2rXcxXL8TskReQl6OrB2G7+UJrags1q15Fudc7G6w==}
    engines: {node: '>= 8'}

  debug@4.3.4:
    resolution: {integrity: sha512-PRWFHuSU3eDtQJPvnNY7Jcket1j0t5OuOsFzPPzsekD52Zl8qUfFIPEiswXqIvHWGVHOgX+7G/vCNNhehwxfkQ==}
    engines: {node: '>=6.0'}
    peerDependencies:
      supports-color: '*'
    peerDependenciesMeta:
      supports-color:
        optional: true

  delayed-stream@1.0.0:
    resolution: {integrity: sha512-ZySD7Nf91aLB0RxL4KGrKHBXl7Eds1DAmEdcoVawXnLD7SDhpNgtuII2aAkg7a7QS41jxPSZ17p4VdGnMHk3MQ==}
    engines: {node: '>=0.4.0'}

  dunder-proto@1.0.1:
    resolution: {integrity: sha512-KIN/nDJBQRcXw0MLVhZE9iQHmG68qAVIBg9CqmUYjmQIhgij9U5MFvrqkUL5FbtyyzZuOeOt0zdeRe4UY7ct+A==}
    engines: {node: '>= 0.4'}

  emoji-regex@10.3.0:
    resolution: {integrity: sha512-QpLs9D9v9kArv4lfDEgg1X/gN5XLnf/A6l9cs8SPZLRZR3ZkY9+kwIQTxm+fsSej5UMYGE8fdoaZVIBlqG0XTw==}

  es-define-property@1.0.1:
    resolution: {integrity: sha512-e3nRfgfUZ4rNGL232gUgX06QNyyez04KdjFrF+LTRoOXmrOgFKDg4BCdsjW8EnT69eqdYGmRpJwiPVYNrCaW3g==}
    engines: {node: '>= 0.4'}

  es-errors@1.3.0:
    resolution: {integrity: sha512-Zf5H2Kxt2xjTvbJvP2ZWLEICxA6j+hAmMzIlypy4xcBg1vKVnx89Wy0GbS+kf5cwCVFFzdCFh2XSCFNULS6csw==}
    engines: {node: '>= 0.4'}

  es-object-atoms@1.1.2:
    resolution: {integrity: sha512-HWcBoN6NileqtSydK2FqHbS/LoDd2pqrnQHLyJzBj4kOp/ky2MWMN694xOfkK8/SnUsW2DH7EfyVlydKCsm1Zw==}
    engines: {node: '>= 0.4'}

  es-set-tostringtag@2.1.0:
    resolution: {integrity: sha512-j6vWzfrGVfyXxge+O0x5sh6cvxAog0a/4Rdd2K36zCMV5eJ+/+tOAngRO8cODMNWbVRdVlmGZQL2YS3yR8bIUA==}
    engines: {node: '>= 0.4'}

  eventemitter3@5.0.1:
    resolution: {integrity: sha512-GWkBvjiSZK87ELrYOSESUYeVIc9mvLLf/nXalMOS5dYrgZq9o5OVkbZAVM06CVxYsCwH9BDZFPlQTlPA1j4ahA==}

  execa@8.0.1:
    resolution: {integrity: sha512-VyhnebXciFV2DESc+p6B+y0LjSm0krU4OgJN44qFAhBY0TJ+1V61tYD2+wHusZ6F9n5K+vl8k0sTy7PEfV4qpg==}
    engines: {node: '>=16.17'}

  fill-range@7.0.1:
    resolution: {integrity: sha512-qOo9F+dMUmC2Lcb4BbVvnKJxTPjCm+RRpe4gDuGrzkL7mEVl/djYSu2OdQ2Pa302N4oqkSg9ir6jaLWJ2USVpQ==}
    engines: {node: '>=8'}

  form-data@4.0.6:
    resolution: {integrity: sha512-vKatAh4SlVfgbv+YtmhiRjhEMJsYpsG1Y2rMQtR+SVSbytsSD1YGzDIcrAJmdFec88u/+VoGmxnl+80gL1tRCQ==}
    engines: {node: '>= 6'}

  function-bind@1.1.2:
    resolution: {integrity: sha512-7XHNxH7qX9xG5mIwxkhumTox/MIRNcOgDrxWsMt2pAr23WHp6MrRlN7FBSFpCpr+oVO0F744iUgR82nJMfG2SA==}

  get-east-asian-width@1.2.0:
    resolution: {integrity: sha512-2nk+7SIVb14QrgXFHcm84tD4bKQz0RxPuMT8Ag5KPOq7J5fEmAg0UbXdTOSHqNuHSU28k55qnceesxXRZGzKWA==}
    engines: {node: '>=18'}

  get-intrinsic@1.3.0:
    resolution: {integrity: sha512-9fSjSaos/fRIVIp+xSJlE6lfwhES7LNtKaCBIamHsjr2na1BiABJPo0mOjjz8GJDURarmCPGqaiVg5mfjb98CQ==}
    engines: {node: '>= 0.4'}

  get-proto@1.0.1:
    resolution: {integrity: sha512-sTSfBjoXBp89JvIKIefqw7U2CCebsc74kiY6awiGogKtoSGbgjYE/G/+l9sF3MWFPNc9IcoOC4ODfKHfxFmp0g==}
    engines: {node: '>= 0.4'}

  get-stream@8.0.1:
    resolution: {integrity: sha512-VaUJspBffn/LMCJVoMvSAdmscJyS1auj5Zulnn5UoYcY531UWmdwhRWkcGKnGU93m5HSXP9LP2usOryrBtQowA==}
    engines: {node: '>=16'}

  gopd@1.2.0:
    resolution: {integrity: sha512-ZUKRh6/kUFoAiTAtTYPZJ3hw9wNxx+BIBOijnlG9PnrJsCcSjs1wyyD6vJpaYtgnzDrKYRSqf3OO6Rfa93xsRg==}
    engines: {node: '>= 0.4'}

  has-symbols@1.1.0:
    resolution: {integrity: sha512-1cDNdwJ2Jaohmb3sg4OmKaMBwuC48sYni5HUw2DvsC8LjGTLK9h+eb1X6RyuOHe4hT0ULCW68iomhjUoKUqlPQ==}
    engines: {node: '>= 0.4'}

  has-tostringtag@1.0.2:
    resolution: {integrity: sha512-NqADB8VjPFLM2V0VvHUewwwsw0ZWBaIdgo+ieHtK3hasLz4qeCRjYcqfB6AQrBggRKppKF8L52/VqdVsO47Dlw==}
    engines: {node: '>= 0.4'}

  hasown@2.0.4:
    resolution: {integrity: sha512-T2UbfbBEF32wiepXIsMlTW9+dDYC6wMh/t/vYA4tuOMKqWz/n3vr1NFSxQiyP+zk2mXsoMA/i/7qV6LKut1t1A==}
    engines: {node: '>= 0.4'}

  human-signals@5.0.0:
    resolution: {integrity: sha512-AXcZb6vzzrFAUE61HnN4mpLqd/cSIwNQjtNWR0euPm6y0iqx3G4gOXaIDdtdDwZmhwe82LA6+zinmW4UBWVePQ==}
    engines: {node: '>=16.17.0'}

  husky@9.0.11:
    resolution: {integrity: sha512-AB6lFlbwwyIqMdHYhwPe+kjOC3Oc5P3nThEoW/AaO2BX3vJDjWPFxYLxokUZOo6RNX20He3AaT8sESs9NJcmEw==}
    engines: {node: '>=18'}
    hasBin: true

  is-fullwidth-code-point@4.0.0:
    resolution: {integrity: sha512-O4L094N2/dZ7xqVdrXhh9r1KODPJpFms8B5sGdJLPy664AgvXsreZUyCQQNItZRDlYug4xStLjNp/sz3HvBowQ==}
    engines: {node: '>=12'}

  is-fullwidth-code-point@5.0.0:
    resolution: {integrity: sha512-OVa3u9kkBbw7b8Xw5F9P+D/T9X+Z4+JruYVNapTjPYZYUznQ5YfWeFkOj606XYYW8yugTfC8Pj0hYqvi4ryAhA==}
    engines: {node: '>=18'}

  is-number@7.0.0:
    resolution: {integrity: sha512-41Cifkg6e8TylSpdtTpeLVMqvSBEVzTttHvERD741+pnZ8ANv0004MRL43QKPDlK9cGvNp6NZWZUBlbGXYxxng==}
    engines: {node: '>=0.12.0'}

  is-stream@3.0.0:
    resolution: {integrity: sha512-LnQR4bZ9IADDRSkvpqMGvt/tEJWclzklNgSw48V5EAaAeDd6qGvN8ei6k5p0tvxSR171VmGyHuTiAOfxAbr8kA==}
    engines: {node: ^12.20.0 || ^14.13.1 || >=16.0.0}

  isexe@2.0.0:
    resolution: {integrity: sha512-RHxMLp9lnKHGHRng9QFhRCMbYAcVpn69smSGcq3f36xjgVVWThj4qqLbTLlq7Ssj8B+fIQ1EuCEGI2lKsyQeIw==}

  js-base64@3.7.7:
    resolution: {integrity: sha512-7rCnleh0z2CkXhH67J8K1Ytz0b2Y+yxTPL+/KOJoa20hfnVQ/3/T6W/KflYI4bRHRagNeXeU2bkNGI3v1oS/lw==}

  lilconfig@3.0.0:
    resolution: {integrity: sha512-K2U4W2Ff5ibV7j7ydLr+zLAkIg5JJ4lPn1Ltsdt+Tz/IjQ8buJ55pZAxoP34lqIiwtF9iAvtLv3JGv7CAyAg+g==}
    engines: {node: '>=14'}

  lint-staged@15.2.2:
    resolution: {integrity: sha512-TiTt93OPh1OZOsb5B7k96A/ATl2AjIZo+vnzFZ6oHK5FuTk63ByDtxGQpHm+kFETjEWqgkF95M8FRXKR/LEBcw==}
    engines: {node: '>=18.12.0'}
    hasBin: true

  listr2@8.0.1:
    resolution: {integrity: sha512-ovJXBXkKGfq+CwmKTjluEqFi3p4h8xvkxGQQAQan22YCgef4KZ1mKGjzfGh6PL6AW5Csw0QiQPNuQyH+6Xk3hA==}
    engines: {node: '>=18.0.0'}

  log-update@6.0.0:
    resolution: {integrity: sha512-niTvB4gqvtof056rRIrTZvjNYE4rCUzO6X/X+kYjd7WFxXeJ0NwEFnRxX6ehkvv3jTwrXnNdtAak5XYZuIyPFw==}
    engines: {node: '>=18'}

  math-intrinsics@1.1.0:
    resolution: {integrity: sha512-/IXtbwEk5HTPyEwyKX6hGkYXxM9nbj64B+ilVJnC/R6B0pH5G4V3b0pVbL7DBj4tkhBAppbQUlf6F6Xl9LHu1g==}
    engines: {node: '>= 0.4'}

  merge-stream@2.0.0:
    resolution: {integrity: sha512-abv/qOcuPfk3URPfDzmZU1LKmuw8kT+0nIHvKrKgFrwifol/doWcdA4ZqsWQ8ENrFKkd67Mfpo/LovbIUsbt3w==}

  micromatch@4.0.5:
    resolution: {integrity: sha512-DMy+ERcEW2q8Z2Po+WNXuw3c5YaUSFjAO5GsJqfEl7UjvtIuFKO6ZrKvcItdy98dwFI2N1tg3zNIdKaQT+aNdA==}
    engines: {node: '>=8.6'}

  mime-db@1.52.0:
    resolution: {integrity: sha512-sPU4uV7dYlvtWJxwwxHD0PuihVNiE7TyAbQ5SWxDCB9mUYvOgroQOwYQQOKPJ8CIbE+1ETVlOoK1UC2nU3gYvg==}
    engines: {node: '>= 0.6'}

  mime-types@2.1.35:
    resolution: {integrity: sha512-ZDY+bPm5zTTF+YpCrAU9nK0UgICYPT0QtT1NZWFv4s++TNkcgVaT0g6+4R2uI4MjQjzysHB1zxuWL50hzaeXiw==}
    engines: {node: '>= 0.6'}

  mimic-fn@2.1.0:
    resolution: {integrity: sha512-OqbOk5oEQeAZ8WXWydlu9HJjz9WVdEIvamMCcXmuqUYjTknH/sqsWvhQ3vgwKFRR1HpjvNBKQ37nbJgYzGqGcg==}
    engines: {node: '>=6'}

  mimic-fn@4.0.0:
    resolution: {integrity: sha512-vqiC06CuhBTUdZH+RYl8sFrL096vA45Ok5ISO6sE/Mr1jRbGH4Csnhi8f3wKVl7x8mO4Au7Ir9D3Oyv1VYMFJw==}
    engines: {node: '>=12'}

  ms@2.1.2:
    resolution: {integrity: sha512-sGkPx+VjMtmA6MX27oA4FBFELFCZZ4S4XqeGOXCv68tT+jb3vk/RyaKWP0PTKyWtmLSM0b+adUTEvbs1PEaH2w==}

  npm-run-path@5.3.0:
    resolution: {integrity: sha512-ppwTtiJZq0O/ai0z7yfudtBpWIoxM8yE6nHi1X47eFR2EWORqfbu6CnPlNsjeN683eT0qG6H/Pyf9fCcvjnnnQ==}
    engines: {node: ^12.20.0 || ^14.13.1 || >=16.0.0}

  onetime@5.1.2:
    resolution: {integrity: sha512-kbpaSSGJTWdAY5KPVeMOKXSrPtr8C8C7wodJbcsd51jRnmD+GZu8Y0VoU6Dm5Z4vWr0Ig/1NKuWRKf7j5aaYSg==}
    engines: {node: '>=6'}

  onetime@6.0.0:
    resolution: {integrity: sha512-1FlR+gjXK7X+AsAHso35MnyN5KqGwJRi/31ft6x0M194ht7S+rWAvd7PHss9xSKMzE0asv1pyIHaJYq+BbacAQ==}
    engines: {node: '>=12'}

  path-key@3.1.1:
    resolution: {integrity: sha512-ojmeN0qd+y0jszEtoY48r0Peq5dwMEkIlCOu6Q5f41lfkswXuKtYrhgoTpLnyIcHm24Uhqx+5Tqm2InSwLhE6Q==}
    engines: {node: '>=8'}

  path-key@4.0.0:
    resolution: {integrity: sha512-haREypq7xkM7ErfgIyA0z+Bj4AGKlMSdlQE2jvJo6huWD1EdkKYV+G/T4nq0YEF2vgTT8kqMFKo1uHn950r4SQ==}
    engines: {node: '>=12'}

  picomatch@2.3.1:
    resolution: {integrity: sha512-JU3teHTNjmE2VCGFzuY8EXzCDVwEqB2a8fsIvwaStHhAWJEeVd1o1QD80CU6+ZdEXXSLbSsuLwJjkCBWqRQUVA==}
    engines: {node: '>=8.6'}

  pidtree@0.6.0:
    resolution: {integrity: sha512-eG2dWTVw5bzqGRztnHExczNxt5VGsE6OwTeCG3fdUf9KBsZzO3R5OIIIzWR+iZA0NtZ+RDVdaoE2dK1cn6jH4g==}
    engines: {node: '>=0.10'}
    hasBin: true

  prettier@3.2.5:
    resolution: {integrity: sha512-3/GWa9aOC0YeD7LUfvOG2NiDyhOWRvt1k+rcKhOuYnMY24iiCphgneUfJDyFXd6rZCAnuLBv6UeAULtrhT/F4A==}
    engines: {node: '>=14'}
    hasBin: true

  restore-cursor@4.0.0:
    resolution: {integrity: sha512-I9fPXU9geO9bHOt9pHHOhOkYerIMsmVaWB0rA2AI9ERh/+x/i7MV5HKBNrg+ljO5eoPVgCcnFuRjJ9uH6I/3eg==}
    engines: {node: ^12.20.0 || ^14.13.1 || >=16.0.0}

  rfdc@1.3.1:
    resolution: {integrity: sha512-r5a3l5HzYlIC68TpmYKlxWjmOP6wiPJ1vWv2HeLhNsRZMrCkxeqxiHlQ21oXmQ4F3SiryXBHhAD7JZqvOJjFmg==}

  shebang-command@2.0.0:
    resolution: {integrity: sha512-kHxr2zZpYtdmrN1qDjrrX/Z1rR1kG8Dx+gkpK1G4eXmvXswmcE1hTWBWYUzlraYw1/yZp6YuDY77YtvbN0dmDA==}
    engines: {node: '>=8'}

  shebang-regex@3.0.0:
    resolution: {integrity: sha512-7++dFhtcx3353uBaq8DDR4NuxBetBzC7ZQOhmTQInHEd6bSrXdiEyzCvG07Z44UYdLShWUyXt5M/yhz8ekcb1A==}
    engines: {node: '>=8'}

  signal-exit@3.0.7:
    resolution: {integrity: sha512-wnD2ZE+l+SPC/uoS0vXeE9L1+0wuaMqKlfz9AMUo38JsyLSBWSFcHR1Rri62LZc12vLr1gb3jl7iwQhgwpAbGQ==}

  signal-exit@4.1.0:
    resolution: {integrity: sha512-bzyZ1e88w9O1iNJbKnOlvYTrWPDl46O1bG0D3XInv+9tkPrxrN8jUUTiFlDkkmKWgn1M6CfIA13SuGqOa9Korw==}
    engines: {node: '>=14'}

  slice-ansi@5.0.0:
    resolution: {integrity: sha512-FC+lgizVPfie0kkhqUScwRu1O/lF6NOgJmlCgK+/LYxDCTk8sGelYaHDhFcDN+Sn3Cv+3VSa4Byeo+IMCzpMgQ==}
    engines: {node: '>=12'}

  slice-ansi@7.1.0:
    resolution: {integrity: sha512-bSiSngZ/jWeX93BqeIAbImyTbEihizcwNjFoRUIY/T1wWQsfsm2Vw1agPKylXvQTU7iASGdHhyqRlqQzfz+Htg==}
    engines: {node: '>=18'}

  string-argv@0.3.2:
    resolution: {integrity: sha512-aqD2Q0144Z+/RqG52NeHEkZauTAUWJO8c6yTftGJKO3Tja5tUgIfmIl6kExvhtxSDP7fXB6DvzkfMpCd/F3G+Q==}
    engines: {node: '>=0.6.19'}

  string-width@7.1.0:
    resolution: {integrity: sha512-SEIJCWiX7Kg4c129n48aDRwLbFb2LJmXXFrWBG4NGaRtMQ3myKPKbwrD1BKqQn74oCoNMBVrfDEr5M9YxCsrkw==}
    engines: {node: '>=18'}

  strip-ansi@7.1.0:
    resolution: {integrity: sha512-iq6eVVI64nQQTRYq2KtEg2d2uU7LElhTJwsH4YzIHZshxlgZms/wIc4VoDQTlG/IvVIrBKG06CrZnp0qv7hkcQ==}
    engines: {node: '>=12'}

  strip-final-newline@3.0.0:
    resolution: {integrity: sha512-dOESqjYr96iWYylGObzd39EuNTa5VJxyvVAEm5Jnh7KGo75V43Hk1odPQkNDyXNmUR6k+gEiDVXnjB8HJ3crXw==}
    engines: {node: '>=12'}

  to-regex-range@5.0.1:
    resolution: {integrity: sha512-65P7iz6X5yEr1cwcgvQxbbIw7Uk3gOy5dIdtZ4rDveLqhrdJP+Li/Hx6tyK0NEb+2GCyneCMJiGqrADCSNk8sQ==}
    engines: {node: '>=8.0'}

  typescript@5.4.5:
    resolution: {integrity: sha512-vcI4UpRgg81oIRUFwR0WSIHKt11nJ7SAVlYNIu+QpqeyXP+gpQJy/Z4+F0aGxSE4MqwjyXvW/TzgkLAx2AGHwQ==}
    engines: {node: '>=14.17'}
    hasBin: true

  undici-types@5.26.5:
    resolution: {integrity: sha512-JlCMO+ehdEIKqlFxk6IfVoAUVmgz7cU7zD/h9XZ0qzeosSHmUJVOzSQvvYSYWXkFXC+IfLKSIffhv0sVZup6pA==}

  which@2.0.2:
    resolution: {integrity: sha512-BLI3Tl1TW3Pvl70l3yq3Y64i+awpwXqsGBYWkkqMtnbXgrMD+yj7rhW0kuEDxzJaYXGjEW5ogapKNMEKNMjibA==}
    engines: {node: '>= 8'}
    hasBin: true

  wrap-ansi@9.0.0:
    resolution: {integrity: sha512-G8ura3S+3Z2G+mkgNRq8dqaFZAuxfsxpBB8OCTGRTCtp+l/v9nbFNmCUP1BZMts3G1142MsZfn6eeUKrr4PD1Q==}
    engines: {node: '>=18'}

  yaml@2.3.4:
    resolution: {integrity: sha512-8aAvwVUSHpfEqTQ4w/KMlf3HcRdt50E5ODIQJBw1fQ5RL34xabzxtUlzTXVqc4rkZsPbvrXKWnABCD7kWSmocA==}
    engines: {node: '>= 14'}

snapshots:

  '@jswork/enhanced-fetch@1.0.29':
    dependencies:
      '@jswork/fetch': 1.0.13
      '@jswork/next-apply-fetch-middleware': 1.0.10

  '@jswork/fetch@1.0.13': {}

  '@jswork/git-info@1.0.5': {}

  '@jswork/http-data-parser@1.0.10': {}

  '@jswork/http-rest-config@2.0.21':
    dependencies:
      '@jswork/http-data-parser': 1.0.10
      '@jswork/next-difference': 1.0.2
      '@jswork/next-tmpl': 1.0.7

  '@jswork/http-schema@2.2.5':
    dependencies:
      '@jswork/http-rest-config': 2.0.21

  '@jswork/next-abstract-request@1.1.7':
    dependencies:
      '@jswork/next-content-type': 1.0.12
      '@jswork/next-data-transform': 1.0.21
      '@jswork/next-interceptor': 1.1.2
      '@jswork/next-parse-request-args': 1.0.9
      '@jswork/next-stub-singleton': 1.0.7

  '@jswork/next-apply-fetch-middleware@1.0.10':
    dependencies:
      '@jswork/next-compose': 1.1.3

  '@jswork/next-compose@1.1.3': {}

  '@jswork/next-content-type@1.0.12': {}

  '@jswork/next-data-transform@1.0.21':
    dependencies:
      '@jswork/next-param': 1.0.12

  '@jswork/next-difference@1.0.2': {}

  '@jswork/next-fetch@1.2.49':
    dependencies:
      '@jswork/enhanced-fetch': 1.0.29
      '@jswork/next-abstract-request': 1.1.7
      '@jswork/next-param': 1.0.12

  '@jswork/next-filter-map@1.2.3': {}

  '@jswork/next-interceptor@1.1.2':
    dependencies:
      '@jswork/next-filter-map': 1.2.3
      '@jswork/pipe': 1.0.4

  '@jswork/next-param@1.0.12':
    dependencies:
      js-base64: 3.7.7

  '@jswork/next-parse-request-args@1.0.9': {}

  '@jswork/next-stub-singleton@1.0.7': {}

  '@jswork/next-tmpl@1.0.7': {}

  '@jswork/next@1.2.2': {}

  '@jswork/pipe@1.0.4': {}

  '@jswork/read-pkg-json@1.0.3': {}

  '@jswork/style-guide@1.0.3': {}

  '@types/bun@1.3.14':
    dependencies:
      bun-types: 1.3.14

  '@types/node@20.12.11':
    dependencies:
      undici-types: 5.26.5

  ansi-escapes@6.2.1: {}

  ansi-regex@6.0.1: {}

  ansi-styles@6.2.1: {}

  asynckit@0.4.0: {}

  braces@3.0.2:
    dependencies:
      fill-range: 7.0.1

  bun-types@1.3.14:
    dependencies:
      '@types/node': 20.12.11

  call-bind-apply-helpers@1.0.2:
    dependencies:
      es-errors: 1.3.0
      function-bind: 1.1.2

  chalk@5.3.0: {}

  cli-cursor@4.0.0:
    dependencies:
      restore-cursor: 4.0.0

  cli-truncate@4.0.0:
    dependencies:
      slice-ansi: 5.0.0
      string-width: 7.1.0

  colorette@2.0.20: {}

  combined-stream@1.0.8:
    dependencies:
      delayed-stream: 1.0.0

  commander@11.1.0: {}

  cross-spawn@7.0.3:
    dependencies:
      path-key: 3.1.1
      shebang-command: 2.0.0
      which: 2.0.2

  debug@4.3.4:
    dependencies:
      ms: 2.1.2

  delayed-stream@1.0.0: {}

  dunder-proto@1.0.1:
    dependencies:
      call-bind-apply-helpers: 1.0.2
      es-errors: 1.3.0
      gopd: 1.2.0

  emoji-regex@10.3.0: {}

  es-define-property@1.0.1: {}

  es-errors@1.3.0: {}

  es-object-atoms@1.1.2:
    dependencies:
      es-errors: 1.3.0

  es-set-tostringtag@2.1.0:
    dependencies:
      es-errors: 1.3.0
      get-intrinsic: 1.3.0
      has-tostringtag: 1.0.2
      hasown: 2.0.4

  eventemitter3@5.0.1: {}

  execa@8.0.1:
    dependencies:
      cross-spawn: 7.0.3
      get-stream: 8.0.1
      human-signals: 5.0.0
      is-stream: 3.0.0
      merge-stream: 2.0.0
      npm-run-path: 5.3.0
      onetime: 6.0.0
      signal-exit: 4.1.0
      strip-final-newline: 3.0.0

  fill-range@7.0.1:
    dependencies:
      to-regex-range: 5.0.1

  form-data@4.0.6:
    dependencies:
      asynckit: 0.4.0
      combined-stream: 1.0.8
      es-set-tostringtag: 2.1.0
      hasown: 2.0.4
      mime-types: 2.1.35

  function-bind@1.1.2: {}

  get-east-asian-width@1.2.0: {}

  get-intrinsic@1.3.0:
    dependencies:
      call-bind-apply-helpers: 1.0.2
      es-define-property: 1.0.1
      es-errors: 1.3.0
      es-object-atoms: 1.1.2
      function-bind: 1.1.2
      get-proto: 1.0.1
      gopd: 1.2.0
      has-symbols: 1.1.0
      hasown: 2.0.4
      math-intrinsics: 1.1.0

  get-proto@1.0.1:
    dependencies:
      dunder-proto: 1.0.1
      es-object-atoms: 1.1.2

  get-stream@8.0.1: {}

  gopd@1.2.0: {}

  has-symbols@1.1.0: {}

  has-tostringtag@1.0.2:
    dependencies:
      has-symbols: 1.1.0

  hasown@2.0.4:
    dependencies:
      function-bind: 1.1.2

  human-signals@5.0.0: {}

  husky@9.0.11: {}

  is-fullwidth-code-point@4.0.0: {}

  is-fullwidth-code-point@5.0.0:
    dependencies:
      get-east-asian-width: 1.2.0

  is-number@7.0.0: {}

  is-stream@3.0.0: {}

  isexe@2.0.0: {}

  js-base64@3.7.7: {}

  lilconfig@3.0.0: {}

  lint-staged@15.2.2:
    dependencies:
      chalk: 5.3.0
      commander: 11.1.0
      debug: 4.3.4
      execa: 8.0.1
      lilconfig: 3.0.0
      listr2: 8.0.1
      micromatch: 4.0.5
      pidtree: 0.6.0
      string-argv: 0.3.2
      yaml: 2.3.4
    transitivePeerDependencies:
      - supports-color

  listr2@8.0.1:
    dependencies:
      cli-truncate: 4.0.0
      colorette: 2.0.20
      eventemitter3: 5.0.1
      log-update: 6.0.0
      rfdc: 1.3.1
      wrap-ansi: 9.0.0

  log-update@6.0.0:
    dependencies:
      ansi-escapes: 6.2.1
      cli-cursor: 4.0.0
      slice-ansi: 7.1.0
      strip-ansi: 7.1.0
      wrap-ansi: 9.0.0

  math-intrinsics@1.1.0: {}

  merge-stream@2.0.0: {}

  micromatch@4.0.5:
    dependencies:
      braces: 3.0.2
      picomatch: 2.3.1

  mime-db@1.52.0: {}

  mime-types@2.1.35:
    dependencies:
      mime-db: 1.52.0

  mimic-fn@2.1.0: {}

  mimic-fn@4.0.0: {}

  ms@2.1.2: {}

  npm-run-path@5.3.0:
    dependencies:
      path-key: 4.0.0

  onetime@5.1.2:
    dependencies:
      mimic-fn: 2.1.0

  onetime@6.0.0:
    dependencies:
      mimic-fn: 4.0.0

  path-key@3.1.1: {}

  path-key@4.0.0: {}

  picomatch@2.3.1: {}

  pidtree@0.6.0: {}

  prettier@3.2.5: {}

  restore-cursor@4.0.0:
    dependencies:
      onetime: 5.1.2
      signal-exit: 3.0.7

  rfdc@1.3.1: {}

  shebang-command@2.0.0:
    dependencies:
      shebang-regex: 3.0.0

  shebang-regex@3.0.0: {}

  signal-exit@3.0.7: {}

  signal-exit@4.1.0: {}

  slice-ansi@5.0.0:
    dependencies:
      ansi-styles: 6.2.1
      is-fullwidth-code-point: 4.0.0

  slice-ansi@7.1.0:
    dependencies:
      ansi-styles: 6.2.1
      is-fullwidth-code-point: 5.0.0

  string-argv@0.3.2: {}

  string-width@7.1.0:
    dependencies:
      emoji-regex: 10.3.0
      get-east-asian-width: 1.2.0
      strip-ansi: 7.1.0

  strip-ansi@7.1.0:
    dependencies:
      ansi-regex: 6.0.1

  strip-final-newline@3.0.0: {}

  to-regex-range@5.0.1:
    dependencies:
      is-number: 7.0.0

  typescript@5.4.5: {}

  undici-types@5.26.5: {}

  which@2.0.2:
    dependencies:
      isexe: 2.0.0

  wrap-ansi@9.0.0:
    dependencies:
      ansi-styles: 6.2.1
      string-width: 7.1.0
      strip-ansi: 7.1.0

  yaml@2.3.4: {}
